{
  "version": 4,
  "terraform_version": "1.2.7",
  "serial": 14,
  "lineage": "8842a098-a46d-350b-875d-c6071421c594",
  "outputs": {
    "external_ip_address_node01_yandex_cloud": {
      "value": "51.250.83.104",
      "type": "string"
    },
    "internal_ip_address_node01_yandex_cloud": {
      "value": "192.168.101.21",
      "type": "string"
    }
  },
  "resources": [
    {
      "mode": "managed",
      "type": "yandex_compute_instance",
      "name": "node01",
      "provider": "provider[\"registry.terraform.io/yandex-cloud/yandex\"]",
      "instances": [
        {
          "schema_version": 1,
          "attributes": {
            "allow_recreate": null,
            "allow_stopping_for_update": true,
            "boot_disk": [
              {
                "auto_delete": true,
                "device_name": "fhmbur13l1uiuefvnbsk",
                "disk_id": "fhmbur13l1uiuefvnbsk",
                "initialize_params": [
                  {
                    "block_size": 4096,
                    "description": "",
                    "image_id": "fd8d1l0smu3pvoiae133",
                    "name": "root-node01",
                    "size": 50,
                    "snapshot_id": "",
                    "type": "network-ssd"
                  }
                ],
                "mode": "READ_WRITE"
              }
            ],
            "created_at": "2022-08-22T22:48:16Z",
            "description": "",
            "folder_id": "b1gg0jj52l7adehme4ff",
            "fqdn": "node01.netology.cloud",
            "hostname": "node01.netology.cloud",
            "id": "fhmgri36ve851ct8uq5p",
            "labels": null,
            "local_disk": [],
            "metadata": {
              "ssh-keys": "centos:ssh-rsa AAAAB3NzaC1yc2EAAAADAQABAAABgQCqlvPI+bQzJYBqWP8IT6mHGzybhKtP2tBQPycHHVgoLf9AMBEp4JPQnWFM5IVcuv5bHiKxf7AKnTXTjylZRIySbds8YF4eofr3M3+8ZKwI7NmBRRZLYvWWYj6zh1PlqJ3CN/PGzTzfgDp4E5P/mXYynJlXivF8oHXPWS1kETdRuy2IWUA5crSIsNP8lPH4GDB3s68qd4jyL3HYQT5jhkcj1yykRKLJhPUXJqKPNGCis2XEgxtzh+fPGyN1SQMbSbfu3/0+3WA884gSos8DifHJnxJdgJib4Itt6+Y0Gb0YL0PGduuMqNfOFyY0zPcWOsZ0YPZI6R1o81V3XpoU3q0HGSBNxDV9bBJnLJSQKMdt9Xf/89gYv4UZABU//n+dmcS2jHcXbjtFSyLpynbu+cbxih6Z+OjTGPUDG5OSRo7GAVdtHQETbVC55zBUwDAY8AgPBax847A2Jba/xSiMnck9JZTKZGDkaD7zWGEfLhFrqxQ2IcXU5GSD6Q7JlImnCYM= user@acer-r\n"
            },
            "name": "node01",
            "network_acceleration_type": "standard",
            "network_interface": [
              {
                "dns_record": [],
                "index": 0,
                "ip_address": "192.168.101.21",
                "ipv4": true,
                "ipv6": false,
                "ipv6_address": "",
                "ipv6_dns_record": [],
                "mac_address": "d0:0d:10:dc:86:6f",
                "nat": true,
                "nat_dns_record": [],
                "nat_ip_address": "51.250.83.104",
                "nat_ip_version": "IPV4",
                "security_group_ids": [],
                "subnet_id": "e9buvu9goiqbjn6f443e"
              }
            ],
            "placement_policy": [
              {
                "host_affinity_rules": [],
                "placement_group_id": ""
              }
            ],
            "platform_id": "standard-v1",
            "resources": [
              {
                "core_fraction": 100,
                "cores": 8,
                "gpus": 0,
                "memory": 8
              }
            ],
            "scheduling_policy": [
              {
                "preemptible": false
              }
            ],
            "secondary_disk": [],
            "service_account_id": "",
            "status": "running",
            "timeouts": null,
            "zone": "ru-central1-a"
          },
          "sensitive_attributes": [],
          "private": "eyJlMmJmYjczMC1lY2FhLTExZTYtOGY4OC0zNDM2M2JjN2M0YzAiOnsiY3JlYXRlIjozMDAwMDAwMDAwMDAsImRlbGV0ZSI6MzAwMDAwMDAwMDAwLCJ1cGRhdGUiOjMwMDAwMDAwMDAwMH0sInNjaGVtYV92ZXJzaW9uIjoiMSJ9",
          "dependencies": [
            "yandex_vpc_network.default",
            "yandex_vpc_subnet.default"
          ]
        }
      ]
    },
    {
      "mode": "managed",
      "type": "yandex_vpc_network",
      "name": "default",
      "provider": "provider[\"registry.terraform.io/yandex-cloud/yandex\"]",
      "instances": [
        {
          "schema_version": 0,
          "attributes": {
            "created_at": "2022-08-22T22:48:13Z",
            "default_security_group_id": "",
            "description": "",
            "folder_id": "b1gg0jj52l7adehme4ff",
            "id": "enpm37gbbvsis376nqko",
            "labels": {},
            "name": "net",
            "subnet_ids": [],
            "timeouts": null
          },
          "sensitive_attributes": [],
          "private": "eyJlMmJmYjczMC1lY2FhLTExZTYtOGY4OC0zNDM2M2JjN2M0YzAiOnsiY3JlYXRlIjo2MDAwMDAwMDAwMCwiZGVsZXRlIjo2MDAwMDAwMDAwMCwidXBkYXRlIjo2MDAwMDAwMDAwMH19"
        }
      ]
    },
    {
      "mode": "managed",
      "type": "yandex_vpc_subnet",
      "name": "default",
      "provider": "provider[\"registry.terraform.io/yandex-cloud/yandex\"]",
      "instances": [
        {
          "schema_version": 0,
          "attributes": {
            "created_at": "2022-08-22T22:48:14Z",
            "description": "",
            "dhcp_options": [],
            "folder_id": "b1gg0jj52l7adehme4ff",
            "id": "e9buvu9goiqbjn6f443e",
            "labels": {},
            "name": "subnet",
            "network_id": "enpm37gbbvsis376nqko",
            "route_table_id": "",
            "timeouts": null,
            "v4_cidr_blocks": [
              "192.168.101.0/24"
            ],
            "v6_cidr_blocks": [],
            "zone": "ru-central1-a"
          },
          "sensitive_attributes": [],
          "private": "eyJlMmJmYjczMC1lY2FhLTExZTYtOGY4OC0zNDM2M2JjN2M0YzAiOnsiY3JlYXRlIjoxODAwMDAwMDAwMDAsImRlbGV0ZSI6MTgwMDAwMDAwMDAwLCJ1cGRhdGUiOjE4MDAwMDAwMDAwMH19",
          "dependencies": [
            "yandex_vpc_network.default"
          ]
        }
      ]
    }
  ]
}
